
Microsoft Visual Studio Solution File, Format Version 12.00
# Visual Studio 14
VisualStudioVersion = 14.0.25420.1
MinimumVisualStudioVersion = 10.0.40219.1
Project("{2150E333-8FDC-42A3-9474-1A3956D46DE8}") = "src", "src", "{69DFCEB9-A5B4-4865-B522-4E1CA3D27E5E}"
EndProject
Project("{2150E333-8FDC-42A3-9474-1A3956D46DE8}") = "Solution Items", "Solution Items", "{11B553D8-4482-4F71-B28F-A77B39922F47}"
	ProjectSection(SolutionItems) = preProject
		global.json = global.json
	EndProjectSection
EndProject
Project("{8BB2217D-0F2D-49D1-97BC-3654ED321F3B}") = "Minor_Dag18", "src\Minor_Dag18\Minor_Dag18.xproj", "{F0130766-3628-4CC1-B1E9-375FCDFFEC46}"
EndProject
Project("{2150E333-8FDC-42A3-9474-1A3956D46DE8}") = "test", "test", "{4E2D7E51-65C2-4B48-8FC4-626FD45C40E5}"
EndProject
Project("{8BB2217D-0F2D-49D1-97BC-3654ED321F3B}") = "Minor_Dag18.Test", "Minor_Dag18.Test\Minor_Dag18.Test.xproj", "{ED0DC794-12F2-4920-8AF3-0F9BEB6370A0}"
EndProject
Global
	GlobalSection(SolutionConfigurationPlatforms) = preSolution
		Debug|Any CPU = Debug|Any CPU
		Release|Any CPU = Release|Any CPU
	EndGlobalSection
	GlobalSection(ProjectConfigurationPlatforms) = postSolution
		{F0130766-3628-4CC1-B1E9-375FCDFFEC46}.Debug|Any CPU.ActiveCfg = Debug|Any CPU
		{F0130766-3628-4CC1-B1E9-375FCDFFEC46}.Debug|Any CPU.Build.0 = Debug|Any CPU
		{F0130766-3628-4CC1-B1E9-375FCDFFEC46}.Release|Any CPU.ActiveCfg = Release|Any CPU
		{F0130766-3628-4CC1-B1E9-375FCDFFEC46}.Release|Any CPU.Build.0 = Release|Any CPU
		{ED0DC794-12F2-4920-8AF3-0F9BEB6370A0}.Debug|Any CPU.ActiveCfg = Debug|Any CPU
		{ED0DC794-12F2-4920-8AF3-0F9BEB6370A0}.Debug|Any CPU.Build.0 = Debug|Any CPU
		{ED0DC794-12F2-4920-8AF3-0F9BEB6370A0}.Release|Any CPU.ActiveCfg = Release|Any CPU
		{ED0DC794-12F2-4920-8AF3-0F9BEB6370A0}.Release|Any CPU.Build.0 = Release|Any CPU
	EndGlobalSection
	GlobalSection(SolutionProperties) = preSolution
		HideSolutionNode = FALSE
	EndGlobalSection
	GlobalSection(NestedProjects) = preSolution
		{F0130766-3628-4CC1-B1E9-375FCDFFEC46} = {69DFCEB9-A5B4-4865-B522-4E1CA3D27E5E}
		{ED0DC794-12F2-4920-8AF3-0F9BEB6370A0} = {4E2D7E51-65C2-4B48-8FC4-626FD45C40E5}
	EndGlobalSection
EndGlobal
