
Microsoft Visual Studio Solution File, Format Version 12.00
# Visual Studio 14
VisualStudioVersion = 14.0.25420.1
MinimumVisualStudioVersion = 10.0.40219.1
Project("{2150E333-8FDC-42A3-9474-1A3956D46DE8}") = "src", "src", "{A64346BE-3330-4DE0-811F-2E33F695E238}"
EndProject
Project("{8BB2217D-0F2D-49D1-97BC-3654ED321F3B}") = "Kantilever.MICROSERVICE_NAME2.Domain", "Kantilever.MICROSERVICE_NAME2\src\Kantilever.MICROSERVICE_NAME2.Domain\Kantilever.MICROSERVICE_NAME2.Domain.xproj", "{7A4C7270-DF8F-43AB-B79E-5A1DCCC9501F}"
EndProject
Project("{8BB2217D-0F2D-49D1-97BC-3654ED321F3B}") = "Kantilever.MICROSERVICE_NAME2.DomainServices", "Kantilever.MICROSERVICE_NAME2\src\Kantilever.MICROSERVICE_NAME2.DomainServices\Kantilever.MICROSERVICE_NAME2.DomainServices.xproj", "{86E8C6CE-9C7A-44AE-B3C7-3E7B4DF5057F}"
EndProject
Project("{8BB2217D-0F2D-49D1-97BC-3654ED321F3B}") = "Kantilever.MICROSERVICE_NAME2.Infrastructure", "Kantilever.MICROSERVICE_NAME2\src\Kantilever.MICROSERVICE_NAME2.Infrastructure\Kantilever.MICROSERVICE_NAME2.Infrastructure.xproj", "{0C0ACA29-676B-4F08-AE09-41E21C0DB934}"
EndProject
Project("{8BB2217D-0F2D-49D1-97BC-3654ED321F3B}") = "Kantilever.MICROSERVICE_NAME2.Facade", "Kantilever.MICROSERVICE_NAME2\src\Kantilever.MICROSERVICE_NAME2.Facade\Kantilever.MICROSERVICE_NAME2.Facade.xproj", "{69BB5975-96AB-4241-BDA4-DF07BA11F651}"
EndProject
Project("{2150E333-8FDC-42A3-9474-1A3956D46DE8}") = "test", "test", "{3F05F144-98B1-4A26-B14C-B094A762CFF5}"
EndProject
Project("{8BB2217D-0F2D-49D1-97BC-3654ED321F3B}") = "Kantilever.MICROSERVICE_NAME2.DomainTest", "Kantilever.MICROSERVICE_NAME2\test\Kantilever.MICROSERVICE_NAME2.DomainTest\Kantilever.MICROSERVICE_NAME2.DomainTest.xproj", "{70FF8393-8C71-4BC5-A949-F71466F295EB}"
EndProject
Project("{8BB2217D-0F2D-49D1-97BC-3654ED321F3B}") = "Kantilever.MICROSERVICE_NAME2.DomainServicesTest", "Kantilever.MICROSERVICE_NAME2\test\Kantilever.MICROSERVICE_NAME2.DomainServicesTest\Kantilever.MICROSERVICE_NAME2.DomainServicesTest.xproj", "{02CBDE14-DD0E-45BC-896B-68164D6E8432}"
EndProject
Project("{8BB2217D-0F2D-49D1-97BC-3654ED321F3B}") = "Kantilever.MICROSERVICE_NAME2.InfrastructureTest", "Kantilever.MICROSERVICE_NAME2\test\Kantilever.MICROSERVICE_NAME2.InfrastructureTest\Kantilever.MICROSERVICE_NAME2.InfrastructureTest.xproj", "{49D4A243-32CC-4BF5-9841-66A6ADA5BD69}"
EndProject
Project("{8BB2217D-0F2D-49D1-97BC-3654ED321F3B}") = "Kantilever.MICROSERVICE_NAME2.FacadeTest", "Kantilever.MICROSERVICE_NAME2\test\Kantilever.MICROSERVICE_NAME2.FacadeTest\Kantilever.MICROSERVICE_NAME2.FacadeTest.xproj", "{5C6CC763-1F7E-4D17-9DD0-9C34AFAD4C63}"
EndProject
Global
	GlobalSection(SolutionConfigurationPlatforms) = preSolution
		Debug|Any CPU = Debug|Any CPU
		Release|Any CPU = Release|Any CPU
	EndGlobalSection
	GlobalSection(ProjectConfigurationPlatforms) = postSolution
		{7A4C7270-DF8F-43AB-B79E-5A1DCCC9501F}.Debug|Any CPU.ActiveCfg = Debug|Any CPU
		{7A4C7270-DF8F-43AB-B79E-5A1DCCC9501F}.Debug|Any CPU.Build.0 = Debug|Any CPU
		{7A4C7270-DF8F-43AB-B79E-5A1DCCC9501F}.Release|Any CPU.ActiveCfg = Release|Any CPU
		{7A4C7270-DF8F-43AB-B79E-5A1DCCC9501F}.Release|Any CPU.Build.0 = Release|Any CPU
		{86E8C6CE-9C7A-44AE-B3C7-3E7B4DF5057F}.Debug|Any CPU.ActiveCfg = Debug|Any CPU
		{86E8C6CE-9C7A-44AE-B3C7-3E7B4DF5057F}.Debug|Any CPU.Build.0 = Debug|Any CPU
		{86E8C6CE-9C7A-44AE-B3C7-3E7B4DF5057F}.Release|Any CPU.ActiveCfg = Release|Any CPU
		{86E8C6CE-9C7A-44AE-B3C7-3E7B4DF5057F}.Release|Any CPU.Build.0 = Release|Any CPU
		{0C0ACA29-676B-4F08-AE09-41E21C0DB934}.Debug|Any CPU.ActiveCfg = Debug|Any CPU
		{0C0ACA29-676B-4F08-AE09-41E21C0DB934}.Debug|Any CPU.Build.0 = Debug|Any CPU
		{0C0ACA29-676B-4F08-AE09-41E21C0DB934}.Release|Any CPU.ActiveCfg = Release|Any CPU
		{0C0ACA29-676B-4F08-AE09-41E21C0DB934}.Release|Any CPU.Build.0 = Release|Any CPU
		{69BB5975-96AB-4241-BDA4-DF07BA11F651}.Debug|Any CPU.ActiveCfg = Debug|Any CPU
		{69BB5975-96AB-4241-BDA4-DF07BA11F651}.Debug|Any CPU.Build.0 = Debug|Any CPU
		{69BB5975-96AB-4241-BDA4-DF07BA11F651}.Release|Any CPU.ActiveCfg = Release|Any CPU
		{69BB5975-96AB-4241-BDA4-DF07BA11F651}.Release|Any CPU.Build.0 = Release|Any CPU
		{70FF8393-8C71-4BC5-A949-F71466F295EB}.Debug|Any CPU.ActiveCfg = Debug|Any CPU
		{70FF8393-8C71-4BC5-A949-F71466F295EB}.Debug|Any CPU.Build.0 = Debug|Any CPU
		{70FF8393-8C71-4BC5-A949-F71466F295EB}.Release|Any CPU.ActiveCfg = Release|Any CPU
		{70FF8393-8C71-4BC5-A949-F71466F295EB}.Release|Any CPU.Build.0 = Release|Any CPU
		{02CBDE14-DD0E-45BC-896B-68164D6E8432}.Debug|Any CPU.ActiveCfg = Debug|Any CPU
		{02CBDE14-DD0E-45BC-896B-68164D6E8432}.Debug|Any CPU.Build.0 = Debug|Any CPU
		{02CBDE14-DD0E-45BC-896B-68164D6E8432}.Release|Any CPU.ActiveCfg = Release|Any CPU
		{02CBDE14-DD0E-45BC-896B-68164D6E8432}.Release|Any CPU.Build.0 = Release|Any CPU
		{49D4A243-32CC-4BF5-9841-66A6ADA5BD69}.Debug|Any CPU.ActiveCfg = Debug|Any CPU
		{49D4A243-32CC-4BF5-9841-66A6ADA5BD69}.Debug|Any CPU.Build.0 = Debug|Any CPU
		{49D4A243-32CC-4BF5-9841-66A6ADA5BD69}.Release|Any CPU.ActiveCfg = Release|Any CPU
		{49D4A243-32CC-4BF5-9841-66A6ADA5BD69}.Release|Any CPU.Build.0 = Release|Any CPU
		{5C6CC763-1F7E-4D17-9DD0-9C34AFAD4C63}.Debug|Any CPU.ActiveCfg = Debug|Any CPU
		{5C6CC763-1F7E-4D17-9DD0-9C34AFAD4C63}.Debug|Any CPU.Build.0 = Debug|Any CPU
		{5C6CC763-1F7E-4D17-9DD0-9C34AFAD4C63}.Release|Any CPU.ActiveCfg = Release|Any CPU
		{5C6CC763-1F7E-4D17-9DD0-9C34AFAD4C63}.Release|Any CPU.Build.0 = Release|Any CPU
	EndGlobalSection
	GlobalSection(SolutionProperties) = preSolution
		HideSolutionNode = FALSE
	EndGlobalSection
	GlobalSection(NestedProjects) = preSolution
		{7A4C7270-DF8F-43AB-B79E-5A1DCCC9501F} = {A64346BE-3330-4DE0-811F-2E33F695E238}
		{86E8C6CE-9C7A-44AE-B3C7-3E7B4DF5057F} = {A64346BE-3330-4DE0-811F-2E33F695E238}
		{0C0ACA29-676B-4F08-AE09-41E21C0DB934} = {A64346BE-3330-4DE0-811F-2E33F695E238}
		{69BB5975-96AB-4241-BDA4-DF07BA11F651} = {A64346BE-3330-4DE0-811F-2E33F695E238}
		{70FF8393-8C71-4BC5-A949-F71466F295EB} = {3F05F144-98B1-4A26-B14C-B094A762CFF5}
		{02CBDE14-DD0E-45BC-896B-68164D6E8432} = {3F05F144-98B1-4A26-B14C-B094A762CFF5}
		{49D4A243-32CC-4BF5-9841-66A6ADA5BD69} = {3F05F144-98B1-4A26-B14C-B094A762CFF5}
		{5C6CC763-1F7E-4D17-9DD0-9C34AFAD4C63} = {3F05F144-98B1-4A26-B14C-B094A762CFF5}
	EndGlobalSection
EndGlobal
