
Microsoft Visual Studio Solution File, Format Version 12.00
# Visual Studio 14
VisualStudioVersion = 14.0.25420.1
MinimumVisualStudioVersion = 10.0.40219.1
Project("{2150E333-8FDC-42A3-9474-1A3956D46DE8}") = "src", "src", "{4C8C6BCB-BF7F-43B5-BEC5-09EE81248C10}"
EndProject
Project("{2150E333-8FDC-42A3-9474-1A3956D46DE8}") = "Infrastructure", "Infrastructure", "{2EB12962-80C6-48F0-949E-176E955935B7}"
EndProject
Project("{8BB2217D-0F2D-49D1-97BC-3654ED321F3B}") = "TestMicroService.DAL", "TestMicroService\src\Infrastructure\TestMicroService.DAL\TestMicroService.DAL.xproj", "{7A6A76EB-D607-4DA8-BB33-5FADF507F1C0}"
EndProject
Project("{2150E333-8FDC-42A3-9474-1A3956D46DE8}") = "Domain", "Domain", "{FA16D704-0576-4265-A538-FB2C9E023E99}"
EndProject
Project("{2150E333-8FDC-42A3-9474-1A3956D46DE8}") = "Entities", "Entities", "{DF7CA736-6627-4D47-B35B-FDB65C6DB226}"
EndProject
Project("{8BB2217D-0F2D-49D1-97BC-3654ED321F3B}") = "TestMicroService.Entities", "TestMicroService\src\Domain\Entities\TestMicroService.Entities\TestMicroService.Entities.xproj", "{1476207E-C5FA-4C66-BE1D-4D38B2512076}"
EndProject
Project("{2150E333-8FDC-42A3-9474-1A3956D46DE8}") = "Services", "Services", "{9E690147-ED34-4BAE-A5E4-746C4015C341}"
EndProject
Project("{8BB2217D-0F2D-49D1-97BC-3654ED321F3B}") = "TestMicroService.Services", "TestMicroService\src\Domain\Services\TestMicroService.Services\TestMicroService.Services.xproj", "{6C6545AA-6C4E-4E4A-9B40-04DBC2A55F4C}"
EndProject
Project("{2150E333-8FDC-42A3-9474-1A3956D46DE8}") = "Facade", "Facade", "{AF5B03E4-A730-4FEC-8589-6726E1D5C4AF}"
EndProject
Project("{2150E333-8FDC-42A3-9474-1A3956D46DE8}") = "test", "test", "{C5A1E08F-8791-4E3D-9FAB-A6C3D81B5E67}"
EndProject
Project("{2150E333-8FDC-42A3-9474-1A3956D46DE8}") = "Domain.Test", "Domain.Test", "{B33B54C0-1199-4FAE-8A8E-D5955153B7B9}"
EndProject
Project("{8BB2217D-0F2D-49D1-97BC-3654ED321F3B}") = "TestMicroService.Domain.Test", "TestMicroService\test\Domain.Test\TestMicroService.Domain.Test\TestMicroService.Domain.Test.xproj", "{6B285FCC-036F-4EBB-9976-352A95007BB0}"
EndProject
Project("{2150E333-8FDC-42A3-9474-1A3956D46DE8}") = "Facade.Test", "Facade.Test", "{6295D989-6D1D-4ECC-8921-54FAF814C8E9}"
EndProject
Project("{8BB2217D-0F2D-49D1-97BC-3654ED321F3B}") = "TestMicroService.Facade.Test", "TestMicroService\test\Facade.Test\TestMicroService.Facade.Test\TestMicroService.Facade.Test.xproj", "{C5544F61-EDF3-40F4-BEF5-8AFC50C4EB9F}"
EndProject
Project("{2150E333-8FDC-42A3-9474-1A3956D46DE8}") = "Infrastructure.Test", "Infrastructure.Test", "{4635F9B9-D180-446A-B273-33A8EC4378D8}"
EndProject
Project("{8BB2217D-0F2D-49D1-97BC-3654ED321F3B}") = "TestMicroService.Infrastructure.Test", "TestMicroService\test\Infrastructure.Test\TestMicroService.Infrastructure.Test\TestMicroService.Infrastructure.Test.xproj", "{2809CECA-933F-4C6B-90F9-A7007855BE09}"
EndProject
Global
	GlobalSection(SolutionConfigurationPlatforms) = preSolution
		Debug|Any CPU = Debug|Any CPU
		Release|Any CPU = Release|Any CPU
	EndGlobalSection
	GlobalSection(ProjectConfigurationPlatforms) = postSolution
		{7A6A76EB-D607-4DA8-BB33-5FADF507F1C0}.Debug|Any CPU.ActiveCfg = Debug|Any CPU
		{7A6A76EB-D607-4DA8-BB33-5FADF507F1C0}.Debug|Any CPU.Build.0 = Debug|Any CPU
		{7A6A76EB-D607-4DA8-BB33-5FADF507F1C0}.Release|Any CPU.ActiveCfg = Release|Any CPU
		{7A6A76EB-D607-4DA8-BB33-5FADF507F1C0}.Release|Any CPU.Build.0 = Release|Any CPU
		{1476207E-C5FA-4C66-BE1D-4D38B2512076}.Debug|Any CPU.ActiveCfg = Debug|Any CPU
		{1476207E-C5FA-4C66-BE1D-4D38B2512076}.Debug|Any CPU.Build.0 = Debug|Any CPU
		{1476207E-C5FA-4C66-BE1D-4D38B2512076}.Release|Any CPU.ActiveCfg = Release|Any CPU
		{1476207E-C5FA-4C66-BE1D-4D38B2512076}.Release|Any CPU.Build.0 = Release|Any CPU
		{6C6545AA-6C4E-4E4A-9B40-04DBC2A55F4C}.Debug|Any CPU.ActiveCfg = Debug|Any CPU
		{6C6545AA-6C4E-4E4A-9B40-04DBC2A55F4C}.Debug|Any CPU.Build.0 = Debug|Any CPU
		{6C6545AA-6C4E-4E4A-9B40-04DBC2A55F4C}.Release|Any CPU.ActiveCfg = Release|Any CPU
		{6C6545AA-6C4E-4E4A-9B40-04DBC2A55F4C}.Release|Any CPU.Build.0 = Release|Any CPU
		{6B285FCC-036F-4EBB-9976-352A95007BB0}.Debug|Any CPU.ActiveCfg = Debug|Any CPU
		{6B285FCC-036F-4EBB-9976-352A95007BB0}.Debug|Any CPU.Build.0 = Debug|Any CPU
		{6B285FCC-036F-4EBB-9976-352A95007BB0}.Release|Any CPU.ActiveCfg = Release|Any CPU
		{6B285FCC-036F-4EBB-9976-352A95007BB0}.Release|Any CPU.Build.0 = Release|Any CPU
		{C5544F61-EDF3-40F4-BEF5-8AFC50C4EB9F}.Debug|Any CPU.ActiveCfg = Debug|Any CPU
		{C5544F61-EDF3-40F4-BEF5-8AFC50C4EB9F}.Debug|Any CPU.Build.0 = Debug|Any CPU
		{C5544F61-EDF3-40F4-BEF5-8AFC50C4EB9F}.Release|Any CPU.ActiveCfg = Release|Any CPU
		{C5544F61-EDF3-40F4-BEF5-8AFC50C4EB9F}.Release|Any CPU.Build.0 = Release|Any CPU
		{2809CECA-933F-4C6B-90F9-A7007855BE09}.Debug|Any CPU.ActiveCfg = Debug|Any CPU
		{2809CECA-933F-4C6B-90F9-A7007855BE09}.Debug|Any CPU.Build.0 = Debug|Any CPU
		{2809CECA-933F-4C6B-90F9-A7007855BE09}.Release|Any CPU.ActiveCfg = Release|Any CPU
		{2809CECA-933F-4C6B-90F9-A7007855BE09}.Release|Any CPU.Build.0 = Release|Any CPU
	EndGlobalSection
	GlobalSection(SolutionProperties) = preSolution
		HideSolutionNode = FALSE
	EndGlobalSection
	GlobalSection(NestedProjects) = preSolution
		{2EB12962-80C6-48F0-949E-176E955935B7} = {4C8C6BCB-BF7F-43B5-BEC5-09EE81248C10}
		{7A6A76EB-D607-4DA8-BB33-5FADF507F1C0} = {2EB12962-80C6-48F0-949E-176E955935B7}
		{FA16D704-0576-4265-A538-FB2C9E023E99} = {4C8C6BCB-BF7F-43B5-BEC5-09EE81248C10}
		{DF7CA736-6627-4D47-B35B-FDB65C6DB226} = {FA16D704-0576-4265-A538-FB2C9E023E99}
		{1476207E-C5FA-4C66-BE1D-4D38B2512076} = {DF7CA736-6627-4D47-B35B-FDB65C6DB226}
		{9E690147-ED34-4BAE-A5E4-746C4015C341} = {FA16D704-0576-4265-A538-FB2C9E023E99}
		{6C6545AA-6C4E-4E4A-9B40-04DBC2A55F4C} = {9E690147-ED34-4BAE-A5E4-746C4015C341}
		{AF5B03E4-A730-4FEC-8589-6726E1D5C4AF} = {4C8C6BCB-BF7F-43B5-BEC5-09EE81248C10}
		{B33B54C0-1199-4FAE-8A8E-D5955153B7B9} = {C5A1E08F-8791-4E3D-9FAB-A6C3D81B5E67}
		{6B285FCC-036F-4EBB-9976-352A95007BB0} = {B33B54C0-1199-4FAE-8A8E-D5955153B7B9}
		{6295D989-6D1D-4ECC-8921-54FAF814C8E9} = {C5A1E08F-8791-4E3D-9FAB-A6C3D81B5E67}
		{C5544F61-EDF3-40F4-BEF5-8AFC50C4EB9F} = {6295D989-6D1D-4ECC-8921-54FAF814C8E9}
		{4635F9B9-D180-446A-B273-33A8EC4378D8} = {C5A1E08F-8791-4E3D-9FAB-A6C3D81B5E67}
		{2809CECA-933F-4C6B-90F9-A7007855BE09} = {4635F9B9-D180-446A-B273-33A8EC4378D8}
	EndGlobalSection
EndGlobal
