
Microsoft Visual Studio Solution File, Format Version 12.00
# Visual Studio 14
VisualStudioVersion = 14.0.25420.1
MinimumVisualStudioVersion = 10.0.40219.1
Project("{2150E333-8FDC-42A3-9474-1A3956D46DE8}") = "src", "src", "{680EB048-7C3C-43D1-8668-11994059B039}"
EndProject
Project("{2150E333-8FDC-42A3-9474-1A3956D46DE8}") = "Infrastructure", "Infrastructure", "{9A1EFA3B-D598-4F44-A1CD-E1702812922B}"
EndProject
Project("{8BB2217D-0F2D-49D1-97BC-3654ED321F3B}") = "TestitOut.DAL", "TestitOut\src\Infrastructure\TestitOut.DAL\TestitOut.DAL.xproj", "{7A6A76EB-D607-4DA8-BB33-5FADF507F1C0}"
EndProject
Project("{2150E333-8FDC-42A3-9474-1A3956D46DE8}") = "Domain", "Domain", "{FD075F03-CF5D-43F8-8EC3-45A8A6E3F661}"
EndProject
Project("{2150E333-8FDC-42A3-9474-1A3956D46DE8}") = "Entities", "Entities", "{D317346C-E1F9-46AA-8A7F-80CA79C792A1}"
EndProject
Project("{8BB2217D-0F2D-49D1-97BC-3654ED321F3B}") = "TestitOut.Entities", "TestitOut\src\Domain\Entities\TestitOut.Entities\TestitOut.Entities.xproj", "{1476207E-C5FA-4C66-BE1D-4D38B2512076}"
EndProject
Project("{2150E333-8FDC-42A3-9474-1A3956D46DE8}") = "Services", "Services", "{547ACA87-AA05-4D31-9CF8-460C54DB32B0}"
EndProject
Project("{8BB2217D-0F2D-49D1-97BC-3654ED321F3B}") = "TestitOut.Services", "TestitOut\src\Domain\Services\TestitOut.Services\TestitOut.Services.xproj", "{6C6545AA-6C4E-4E4A-9B40-04DBC2A55F4C}"
EndProject
Project("{2150E333-8FDC-42A3-9474-1A3956D46DE8}") = "Facade", "Facade", "{BCD3757D-CD1E-4299-A2D1-35D94F8CBDD4}"
EndProject
Project("{8BB2217D-0F2D-49D1-97BC-3654ED321F3B}") = "TestitOut.Facade", "TestitOut\src\Facade\TestitOut.Facade\TestitOut.Facade.xproj", "{292499E9-9434-45B5-8FF8-EEF4BA1D4E34}"
EndProject
Project("{2150E333-8FDC-42A3-9474-1A3956D46DE8}") = "test", "test", "{1975F184-237C-4F1B-B014-8F84F736FC0E}"
EndProject
Project("{2150E333-8FDC-42A3-9474-1A3956D46DE8}") = "Domain.Test", "Domain.Test", "{A2F13380-12E6-4C75-99F2-68683090D119}"
EndProject
Project("{8BB2217D-0F2D-49D1-97BC-3654ED321F3B}") = "TestitOut.Domain.Test", "TestitOut\test\Domain.Test\TestitOut.Domain.Test\TestitOut.Domain.Test.xproj", "{6B285FCC-036F-4EBB-9976-352A95007BB0}"
EndProject
Project("{2150E333-8FDC-42A3-9474-1A3956D46DE8}") = "Facade.Test", "Facade.Test", "{D1E4745A-6669-4118-BB71-341D7D7EE934}"
EndProject
Project("{8BB2217D-0F2D-49D1-97BC-3654ED321F3B}") = "TestitOut.Facade.Test", "TestitOut\test\Facade.Test\TestitOut.Facade.Test\TestitOut.Facade.Test.xproj", "{C5544F61-EDF3-40F4-BEF5-8AFC50C4EB9F}"
EndProject
Project("{2150E333-8FDC-42A3-9474-1A3956D46DE8}") = "Infrastructure.Test", "Infrastructure.Test", "{7BCA7CFE-5F17-46E1-82A8-4E267E6C7DAC}"
EndProject
Project("{8BB2217D-0F2D-49D1-97BC-3654ED321F3B}") = "TestitOut.Infrastructure.Test", "TestitOut\test\Infrastructure.Test\TestitOut.Infrastructure.Test\TestitOut.Infrastructure.Test.xproj", "{2809CECA-933F-4C6B-90F9-A7007855BE09}"
EndProject
Project("{2150E333-8FDC-42A3-9474-1A3956D46DE8}") = "Solution Items", "Solution Items", "{B3060184-8B6D-4F0E-8231-59C9A5481154}"
	ProjectSection(SolutionItems) = preProject
		global.json = global.json
	EndProjectSection
EndProject
Global
	GlobalSection(SolutionConfigurationPlatforms) = preSolution
		Debug|Any CPU = Debug|Any CPU
		Release|Any CPU = Release|Any CPU
	EndGlobalSection
	GlobalSection(ProjectConfigurationPlatforms) = postSolution
		{7A6A76EB-D607-4DA8-BB33-5FADF507F1C0}.Debug|Any CPU.ActiveCfg = Debug|Any CPU
		{7A6A76EB-D607-4DA8-BB33-5FADF507F1C0}.Debug|Any CPU.Build.0 = Debug|Any CPU
		{7A6A76EB-D607-4DA8-BB33-5FADF507F1C0}.Release|Any CPU.ActiveCfg = Release|Any CPU
		{7A6A76EB-D607-4DA8-BB33-5FADF507F1C0}.Release|Any CPU.Build.0 = Release|Any CPU
		{1476207E-C5FA-4C66-BE1D-4D38B2512076}.Debug|Any CPU.ActiveCfg = Debug|Any CPU
		{1476207E-C5FA-4C66-BE1D-4D38B2512076}.Debug|Any CPU.Build.0 = Debug|Any CPU
		{1476207E-C5FA-4C66-BE1D-4D38B2512076}.Release|Any CPU.ActiveCfg = Release|Any CPU
		{1476207E-C5FA-4C66-BE1D-4D38B2512076}.Release|Any CPU.Build.0 = Release|Any CPU
		{6C6545AA-6C4E-4E4A-9B40-04DBC2A55F4C}.Debug|Any CPU.ActiveCfg = Debug|Any CPU
		{6C6545AA-6C4E-4E4A-9B40-04DBC2A55F4C}.Debug|Any CPU.Build.0 = Debug|Any CPU
		{6C6545AA-6C4E-4E4A-9B40-04DBC2A55F4C}.Release|Any CPU.ActiveCfg = Release|Any CPU
		{6C6545AA-6C4E-4E4A-9B40-04DBC2A55F4C}.Release|Any CPU.Build.0 = Release|Any CPU
		{292499E9-9434-45B5-8FF8-EEF4BA1D4E34}.Debug|Any CPU.ActiveCfg = Debug|Any CPU
		{292499E9-9434-45B5-8FF8-EEF4BA1D4E34}.Debug|Any CPU.Build.0 = Debug|Any CPU
		{292499E9-9434-45B5-8FF8-EEF4BA1D4E34}.Release|Any CPU.ActiveCfg = Release|Any CPU
		{292499E9-9434-45B5-8FF8-EEF4BA1D4E34}.Release|Any CPU.Build.0 = Release|Any CPU
		{6B285FCC-036F-4EBB-9976-352A95007BB0}.Debug|Any CPU.ActiveCfg = Debug|Any CPU
		{6B285FCC-036F-4EBB-9976-352A95007BB0}.Debug|Any CPU.Build.0 = Debug|Any CPU
		{6B285FCC-036F-4EBB-9976-352A95007BB0}.Release|Any CPU.ActiveCfg = Release|Any CPU
		{6B285FCC-036F-4EBB-9976-352A95007BB0}.Release|Any CPU.Build.0 = Release|Any CPU
		{C5544F61-EDF3-40F4-BEF5-8AFC50C4EB9F}.Debug|Any CPU.ActiveCfg = Debug|Any CPU
		{C5544F61-EDF3-40F4-BEF5-8AFC50C4EB9F}.Debug|Any CPU.Build.0 = Debug|Any CPU
		{C5544F61-EDF3-40F4-BEF5-8AFC50C4EB9F}.Release|Any CPU.ActiveCfg = Release|Any CPU
		{C5544F61-EDF3-40F4-BEF5-8AFC50C4EB9F}.Release|Any CPU.Build.0 = Release|Any CPU
		{2809CECA-933F-4C6B-90F9-A7007855BE09}.Debug|Any CPU.ActiveCfg = Debug|Any CPU
		{2809CECA-933F-4C6B-90F9-A7007855BE09}.Debug|Any CPU.Build.0 = Debug|Any CPU
		{2809CECA-933F-4C6B-90F9-A7007855BE09}.Release|Any CPU.ActiveCfg = Release|Any CPU
		{2809CECA-933F-4C6B-90F9-A7007855BE09}.Release|Any CPU.Build.0 = Release|Any CPU
	EndGlobalSection
	GlobalSection(SolutionProperties) = preSolution
		HideSolutionNode = FALSE
	EndGlobalSection
	GlobalSection(NestedProjects) = preSolution
		{9A1EFA3B-D598-4F44-A1CD-E1702812922B} = {680EB048-7C3C-43D1-8668-11994059B039}
		{7A6A76EB-D607-4DA8-BB33-5FADF507F1C0} = {9A1EFA3B-D598-4F44-A1CD-E1702812922B}
		{FD075F03-CF5D-43F8-8EC3-45A8A6E3F661} = {680EB048-7C3C-43D1-8668-11994059B039}
		{D317346C-E1F9-46AA-8A7F-80CA79C792A1} = {FD075F03-CF5D-43F8-8EC3-45A8A6E3F661}
		{1476207E-C5FA-4C66-BE1D-4D38B2512076} = {D317346C-E1F9-46AA-8A7F-80CA79C792A1}
		{547ACA87-AA05-4D31-9CF8-460C54DB32B0} = {FD075F03-CF5D-43F8-8EC3-45A8A6E3F661}
		{6C6545AA-6C4E-4E4A-9B40-04DBC2A55F4C} = {547ACA87-AA05-4D31-9CF8-460C54DB32B0}
		{BCD3757D-CD1E-4299-A2D1-35D94F8CBDD4} = {680EB048-7C3C-43D1-8668-11994059B039}
		{292499E9-9434-45B5-8FF8-EEF4BA1D4E34} = {BCD3757D-CD1E-4299-A2D1-35D94F8CBDD4}
		{A2F13380-12E6-4C75-99F2-68683090D119} = {1975F184-237C-4F1B-B014-8F84F736FC0E}
		{6B285FCC-036F-4EBB-9976-352A95007BB0} = {A2F13380-12E6-4C75-99F2-68683090D119}
		{D1E4745A-6669-4118-BB71-341D7D7EE934} = {1975F184-237C-4F1B-B014-8F84F736FC0E}
		{C5544F61-EDF3-40F4-BEF5-8AFC50C4EB9F} = {D1E4745A-6669-4118-BB71-341D7D7EE934}
		{7BCA7CFE-5F17-46E1-82A8-4E267E6C7DAC} = {1975F184-237C-4F1B-B014-8F84F736FC0E}
		{2809CECA-933F-4C6B-90F9-A7007855BE09} = {7BCA7CFE-5F17-46E1-82A8-4E267E6C7DAC}
	EndGlobalSection
EndGlobal
