
Microsoft Visual Studio Solution File, Format Version 12.00
# Visual Studio 14
VisualStudioVersion = 14.0.25420.1
MinimumVisualStudioVersion = 10.0.40219.1
Project("{2150E333-8FDC-42A3-9474-1A3956D46DE8}") = "src", "src", "{1CF2D39F-829B-4FAC-873E-BAFB3768DBDD}"
EndProject
Project("{2150E333-8FDC-42A3-9474-1A3956D46DE8}") = "Solution Items", "Solution Items", "{0F5E5B9A-0299-4FE3-A095-225460DDF4C6}"
	ProjectSection(SolutionItems) = preProject
		global.json = global.json
	EndProjectSection
EndProject
Project("{8BB2217D-0F2D-49D1-97BC-3654ED321F3B}") = "DockerHelloWorld", "src\DockerHelloWorld\DockerHelloWorld.xproj", "{43915518-3CBD-49F2-A8A8-777223E6C8B4}"
EndProject
Global
	GlobalSection(SolutionConfigurationPlatforms) = preSolution
		Debug|Any CPU = Debug|Any CPU
		Release|Any CPU = Release|Any CPU
	EndGlobalSection
	GlobalSection(ProjectConfigurationPlatforms) = postSolution
		{43915518-3CBD-49F2-A8A8-777223E6C8B4}.Debug|Any CPU.ActiveCfg = Debug|Any CPU
		{43915518-3CBD-49F2-A8A8-777223E6C8B4}.Debug|Any CPU.Build.0 = Debug|Any CPU
		{43915518-3CBD-49F2-A8A8-777223E6C8B4}.Release|Any CPU.ActiveCfg = Release|Any CPU
		{43915518-3CBD-49F2-A8A8-777223E6C8B4}.Release|Any CPU.Build.0 = Release|Any CPU
	EndGlobalSection
	GlobalSection(SolutionProperties) = preSolution
		HideSolutionNode = FALSE
	EndGlobalSection
	GlobalSection(NestedProjects) = preSolution
		{43915518-3CBD-49F2-A8A8-777223E6C8B4} = {1CF2D39F-829B-4FAC-873E-BAFB3768DBDD}
	EndGlobalSection
EndGlobal
